// !$*UTF8*$!
{
	archiveVersion = 1;
	classes = {
	};
	objectVersion = 50;
	objects = {

/* Begin PBXBuildFile section */
		070E67F122ABF5DC00FE22FD /* AppDelegate.m in Sources */ = {isa = PBXBuildFile; fileRef = 070E67F022ABF5DC00FE22FD /* AppDelegate.m */; };
		070E67F422ABF5DC00FE22FD /* ViewController.m in Sources */ = {isa = PBXBuildFile; fileRef = 070E67F322ABF5DC00FE22FD /* ViewController.m */; };
		070E67F722ABF5DC00FE22FD /* Main.storyboard in Resources */ = {isa = PBXBuildFile; fileRef = 070E67F522ABF5DC00FE22FD /* Main.storyboard */; };
		070E67F922ABF5E200FE22FD /* Assets.xcassets in Resources */ = {isa = PBXBuildFile; fileRef = 070E67F822ABF5E200FE22FD /* Assets.xcassets */; };
		070E67FC22ABF5E200FE22FD /* LaunchScreen.storyboard in Resources */ = {isa = PBXBuildFile; fileRef = 070E67FA22ABF5E200FE22FD /* LaunchScreen.storyboard */; };
		070E67FF22ABF5E200FE22FD /* main.m in Sources */ = {isa = PBXBuildFile; fileRef = 070E67FE22ABF5E200FE22FD /* main.m */; };
		070E680922ABF5E200FE22FD /* stv_pre_joinTests.m in Sources */ = {isa = PBXBuildFile; fileRef = 070E680822ABF5E200FE22FD /* stv_pre_joinTests.m */; };
		070E681422ABF5E200FE22FD /* stv_pre_joinUITests.m in Sources */ = {isa = PBXBuildFile; fileRef = 070E681322ABF5E200FE22FD /* stv_pre_joinUITests.m */; };
		070E682522AF909300FE22FD /* Account.m in Sources */ = {isa = PBXBuildFile; fileRef = 070E682422AF909300FE22FD /* Account.m */; };
/* End PBXBuildFile section */

/* Begin PBXContainerItemProxy section */
		070E680522ABF5E200FE22FD /* PBXContainerItemProxy */ = {
			isa = PBXContainerItemProxy;
			containerPortal = 070E67E422ABF5DC00FE22FD /* Project object */;
			proxyType = 1;
			remoteGlobalIDString = 070E67EB22ABF5DC00FE22FD;
			remoteInfo = "stv-pre-join";
		};
		070E681022ABF5E200FE22FD /* PBXContainerItemProxy */ = {
			isa = PBXContainerItemProxy;
			containerPortal = 070E67E422ABF5DC00FE22FD /* Project object */;
			proxyType = 1;
			remoteGlobalIDString = 070E67EB22ABF5DC00FE22FD;
			remoteInfo = "stv-pre-join";
		};
/* End PBXContainerItemProxy section */

/* Begin PBXFileReference section */
		070E67EC22ABF5DC00FE22FD /* stv-pre-join.app */ = {isa = PBXFileReference; explicitFileType = wrapper.application; includeInIndex = 0; path = "stv-pre-join.app"; sourceTree = BUILT_PRODUCTS_DIR; };
		070E67EF22ABF5DC00FE22FD /* AppDelegate.h */ = {isa = PBXFileReference; lastKnownFileType = sourcecode.c.h; path = AppDelegate.h; sourceTree = "<group>"; };
		070E67F022ABF5DC00FE22FD /* AppDelegate.m */ = {isa = PBXFileReference; lastKnownFileType = sourcecode.c.objc; path = AppDelegate.m; sourceTree = "<group>"; };
		070E67F222ABF5DC00FE22FD /* ViewController.h */ = {isa = PBXFileReference; lastKnownFileType = sourcecode.c.h; path = ViewController.h; sourceTree = "<group>"; };
		070E67F322ABF5DC00FE22FD /* ViewController.m */ = {isa = PBXFileReference; lastKnownFileType = sourcecode.c.objc; path = ViewController.m; sourceTree = "<group>"; };
		070E67F622ABF5DC00FE22FD /* Base */ = {isa = PBXFileReference; lastKnownFileType = file.storyboard; name = Base; path = Base.lproj/Main.storyboard; sourceTree = "<group>"; };
		070E67F822ABF5E200FE22FD /* Assets.xcassets */ = {isa = PBXFileReference; lastKnownFileType = folder.assetcatalog; path = Assets.xcassets; sourceTree = "<group>"; };
		070E67FB22ABF5E200FE22FD /* Base */ = {isa = PBXFileReference; lastKnownFileType = file.storyboard; name = Base; path = Base.lproj/LaunchScreen.storyboard; sourceTree = "<group>"; };
		070E67FD22ABF5E200FE22FD /* Info.plist */ = {isa = PBXFileReference; lastKnownFileType = text.plist.xml; path = Info.plist; sourceTree = "<group>"; };
		070E67FE22ABF5E200FE22FD /* main.m */ = {isa = PBXFileReference; lastKnownFileType = sourcecode.c.objc; path = main.m; sourceTree = "<group>"; };
		070E680422ABF5E200FE22FD /* stv-pre-joinTests.xctest */ = {isa = PBXFileReference; explicitFileType = wrapper.cfbundle; includeInIndex = 0; path = "stv-pre-joinTests.xctest"; sourceTree = BUILT_PRODUCTS_DIR; };
		070E680822ABF5E200FE22FD /* stv_pre_joinTests.m */ = {isa = PBXFileReference; lastKnownFileType = sourcecode.c.objc; path = stv_pre_joinTests.m; sourceTree = "<group>"; };
		070E680A22ABF5E200FE22FD /* Info.plist */ = {isa = PBXFileReference; lastKnownFileType = text.plist.xml; path = Info.plist; sourceTree = "<group>"; };
		070E680F22ABF5E200FE22FD /* stv-pre-joinUITests.xctest */ = {isa = PBXFileReference; explicitFileType = wrapper.cfbundle; includeInIndex = 0; path = "stv-pre-joinUITests.xctest"; sourceTree = BUILT_PRODUCTS_DIR; };
		070E681322ABF5E200FE22FD /* stv_pre_joinUITests.m */ = {isa = PBXFileReference; lastKnownFileType = sourcecode.c.objc; path = stv_pre_joinUITests.m; sourceTree = "<group>"; };
		070E681522ABF5E200FE22FD /* Info.plist */ = {isa = PBXFileReference; lastKnownFileType = text.plist.xml; path = Info.plist; sourceTree = "<group>"; };
		070E682322AF909300FE22FD /* Account.h */ = {isa = PBXFileReference; lastKnownFileType = sourcecode.c.h; path = Account.h; sourceTree = "<group>"; };
		070E682422AF909300FE22FD /* Account.m */ = {isa = PBXFileReference; lastKnownFileType = sourcecode.c.objc; path = Account.m; sourceTree = "<group>"; };
/* End PBXFileReference section */

/* Begin PBXFrameworksBuildPhase section */
		070E67E922ABF5DC00FE22FD /* Frameworks */ = {
			isa = PBXFrameworksBuildPhase;
			buildActionMask = 2147483647;
			files = (
			);
			runOnlyForDeploymentPostprocessing = 0;
		};
		070E680122ABF5E200FE22FD /* Frameworks */ = {
			isa = PBXFrameworksBuildPhase;
			buildActionMask = 2147483647;
			files = (
			);
			runOnlyForDeploymentPostprocessing = 0;
		};
		070E680C22ABF5E200FE22FD /* Frameworks */ = {
			isa = PBXFrameworksBuildPhase;
			buildActionMask = 2147483647;
			files = (
			);
			runOnlyForDeploymentPostprocessing = 0;
		};
/* End PBXFrameworksBuildPhase section */

/* Begin PBXGroup section */
		070E67E322ABF5DC00FE22FD = {
			isa = PBXGroup;
			children = (
				070E67EE22ABF5DC00FE22FD /* stv-pre-join */,
				070E680722ABF5E200FE22FD /* stv-pre-joinTests */,
				070E681222ABF5E200FE22FD /* stv-pre-joinUITests */,
				070E67ED22ABF5DC00FE22FD /* Products */,
			);
			sourceTree = "<group>";
		};
		070E67ED22ABF5DC00FE22FD /* Products */ = {
			isa = PBXGroup;
			children = (
				070E67EC22ABF5DC00FE22FD /* stv-pre-join.app */,
				070E680422ABF5E200FE22FD /* stv-pre-joinTests.xctest */,
				070E680F22ABF5E200FE22FD /* stv-pre-joinUITests.xctest */,
			);
			name = Products;
			sourceTree = "<group>";
		};
		070E67EE22ABF5DC00FE22FD /* stv-pre-join */ = {
			isa = PBXGroup;
			children = (
				070E682322AF909300FE22FD /* Account.h */,
				070E682422AF909300FE22FD /* Account.m */,
				070E67EF22ABF5DC00FE22FD /* AppDelegate.h */,
				070E67F022ABF5DC00FE22FD /* AppDelegate.m */,
				070E67F222ABF5DC00FE22FD /* ViewController.h */,
				070E67F322ABF5DC00FE22FD /* ViewController.m */,
				070E67F522ABF5DC00FE22FD /* Main.storyboard */,
				070E67F822ABF5E200FE22FD /* Assets.xcassets */,
				070E67FA22ABF5E200FE22FD /* LaunchScreen.storyboard */,
				070E67FD22ABF5E200FE22FD /* Info.plist */,
				070E67FE22ABF5E200FE22FD /* main.m */,
			);
			path = "stv-pre-join";
			sourceTree = "<group>";
		};
		070E680722ABF5E200FE22FD /* stv-pre-joinTests */ = {
			isa = PBXGroup;
			children = (
				070E680822ABF5E200FE22FD /* stv_pre_joinTests.m */,
				070E680A22ABF5E200FE22FD /* Info.plist */,
			);
			path = "stv-pre-joinTests";
			sourceTree = "<group>";
		};
		070E681222ABF5E200FE22FD /* stv-pre-joinUITests */ = {
			isa = PBXGroup;
			children = (
				070E681322ABF5E200FE22FD /* stv_pre_joinUITests.m */,
				070E681522ABF5E200FE22FD /* Info.plist */,
			);
			path = "stv-pre-joinUITests";
			sourceTree = "<group>";
		};
/* End PBXGroup section */

/* Begin PBXNativeTarget section */
		070E67EB22ABF5DC00FE22FD /* stv-pre-join */ = {
			isa = PBXNativeTarget;
			buildConfigurationList = 070E681822ABF5E200FE22FD /* Build configuration list for PBXNativeTarget "stv-pre-join" */;
			buildPhases = (
				070E67E822ABF5DC00FE22FD /* Sources */,
				070E67E922ABF5DC00FE22FD /* Frameworks */,
				070E67EA22ABF5DC00FE22FD /* Resources */,
			);
			buildRules = (
			);
			dependencies = (
			);
			name = "stv-pre-join";
			productName = "stv-pre-join";
			productReference = 070E67EC22ABF5DC00FE22FD /* stv-pre-join.app */;
			productType = "com.apple.product-type.application";
		};
		070E680322ABF5E200FE22FD /* stv-pre-joinTests */ = {
			isa = PBXNativeTarget;
			buildConfigurationList = 070E681B22ABF5E200FE22FD /* Build configuration list for PBXNativeTarget "stv-pre-joinTests" */;
			buildPhases = (
				070E680022ABF5E200FE22FD /* Sources */,
				070E680122ABF5E200FE22FD /* Frameworks */,
				070E680222ABF5E200FE22FD /* Resources */,
			);
			buildRules = (
			);
			dependencies = (
				070E680622ABF5E200FE22FD /* PBXTargetDependency */,
			);
			name = "stv-pre-joinTests";
			productName = "stv-pre-joinTests";
			productReference = 070E680422ABF5E200FE22FD /* stv-pre-joinTests.xctest */;
			productType = "com.apple.product-type.bundle.unit-test";
		};
		070E680E22ABF5E200FE22FD /* stv-pre-joinUITests */ = {
			isa = PBXNativeTarget;
			buildConfigurationList = 070E681E22ABF5E200FE22FD /* Build configuration list for PBXNativeTarget "stv-pre-joinUITests" */;
			buildPhases = (
				070E680B22ABF5E200FE22FD /* Sources */,
				070E680C22ABF5E200FE22FD /* Frameworks */,
				070E680D22ABF5E200FE22FD /* Resources */,
			);
			buildRules = (
			);
			dependencies = (
				070E681122ABF5E200FE22FD /* PBXTargetDependency */,
			);
			name = "stv-pre-joinUITests";
			productName = "stv-pre-joinUITests";
			productReference = 070E680F22ABF5E200FE22FD /* stv-pre-joinUITests.xctest */;
			productType = "com.apple.product-type.bundle.ui-testing";
		};
/* End PBXNativeTarget section */

/* Begin PBXProject section */
		070E67E422ABF5DC00FE22FD /* Project object */ = {
			isa = PBXProject;
			attributes = {
				LastUpgradeCheck = 1000;
				ORGANIZATIONNAME = kazto;
				TargetAttributes = {
					070E67EB22ABF5DC00FE22FD = {
						CreatedOnToolsVersion = 10.0;
					};
					070E680322ABF5E200FE22FD = {
						CreatedOnToolsVersion = 10.0;
						TestTargetID = 070E67EB22ABF5DC00FE22FD;
					};
					070E680E22ABF5E200FE22FD = {
						CreatedOnToolsVersion = 10.0;
						TestTargetID = 070E67EB22ABF5DC00FE22FD;
					};
				};
			};
			buildConfigurationList = 070E67E722ABF5DC00FE22FD /* Build configuration list for PBXProject "stv-pre-join" */;
			compatibilityVersion = "Xcode 9.3";
			developmentRegion = en;
			hasScannedForEncodings = 0;
			knownRegions = (
				en,
				Base,
			);
			mainGroup = 070E67E322ABF5DC00FE22FD;
			productRefGroup = 070E67ED22ABF5DC00FE22FD /* Products */;
			projectDirPath = "";
			projectRoot = "";
			targets = (
				070E67EB22ABF5DC00FE22FD /* stv-pre-join */,
				070E680322ABF5E200FE22FD /* stv-pre-joinTests */,
				070E680E22ABF5E200FE22FD /* stv-pre-joinUITests */,
			);
		};
/* End PBXProject section */

/* Begin PBXResourcesBuildPhase section */
		070E67EA22ABF5DC00FE22FD /* Resources */ = {
			isa = PBXResourcesBuildPhase;
			buildActionMask = 2147483647;
			files = (
				070E67FC22ABF5E200FE22FD /* LaunchScreen.storyboard in Resources */,
				070E67F922ABF5E200FE22FD /* Assets.xcassets in Resources */,
				070E67F722ABF5DC00FE22FD /* Main.storyboard in Resources */,
			);
			runOnlyForDeploymentPostprocessing = 0;
		};
		070E680222ABF5E200FE22FD /* Resources */ = {
			isa = PBXResourcesBuildPhase;
			buildActionMask = 2147483647;
			files = (
			);
			runOnlyForDeploymentPostprocessing = 0;
		};
		070E680D22ABF5E200FE22FD /* Resources */ = {
			isa = PBXResourcesBuildPhase;
			buildActionMask = 2147483647;
			files = (
			);
			runOnlyForDeploymentPostprocessing = 0;
		};
/* End PBXResourcesBuildPhase section */

/* Begin PBXSourcesBuildPhase section */
		070E67E822ABF5DC00FE22FD /* Sources */ = {
			isa = PBXSourcesBuildPhase;
			buildActionMask = 2147483647;
			files = (
				070E67F422ABF5DC00FE22FD /* ViewController.m in Sources */,
				070E682522AF909300FE22FD /* Account.m in Sources */,
				070E67FF22ABF5E200FE22FD /* main.m in Sources */,
				070E67F122ABF5DC00FE22FD /* AppDelegate.m in Sources */,
			);
			runOnlyForDeploymentPostprocessing = 0;
		};
		070E680022ABF5E200FE22FD /* Sources */ = {
			isa = PBXSourcesBuildPhase;
			buildActionMask = 2147483647;
			files = (
				070E680922ABF5E200FE22FD /* stv_pre_joinTests.m in Sources */,
			);
			runOnlyForDeploymentPostprocessing = 0;
		};
		070E680B22ABF5E200FE22FD /* Sources */ = {
			isa = PBXSourcesBuildPhase;
			buildActionMask = 2147483647;
			files = (
				070E681422ABF5E200FE22FD /* stv_pre_joinUITests.m in Sources */,
			);
			runOnlyForDeploymentPostprocessing = 0;
		};
/* End PBXSourcesBuildPhase section */

/* Begin PBXTargetDependency section */
		070E680622ABF5E200FE22FD /* PBXTargetDependency */ = {
			isa = PBXTargetDependency;
			target = 070E67EB22ABF5DC00FE22FD /* stv-pre-join */;
			targetProxy = 070E680522ABF5E200FE22FD /* PBXContainerItemProxy */;
		};
		070E681122ABF5E200FE22FD /* PBXTargetDependency */ = {
			isa = PBXTargetDependency;
			target = 070E67EB22ABF5DC00FE22FD /* stv-pre-join */;
			targetProxy = 070E681022ABF5E200FE22FD /* PBXContainerItemProxy */;
		};
/* End PBXTargetDependency section */

/* Begin PBXVariantGroup section */
		070E67F522ABF5DC00FE22FD /* Main.storyboard */ = {
			isa = PBXVariantGroup;
			children = (
				070E67F622ABF5DC00FE22FD /* Base */,
			);
			name = Main.storyboard;
			sourceTree = "<group>";
		};
		070E67FA22ABF5E200FE22FD /* LaunchScreen.storyboard */ = {
			isa = PBXVariantGroup;
			children = (
				070E67FB22ABF5E200FE22FD /* Base */,
			);
			name = LaunchScreen.storyboard;
			sourceTree = "<group>";
		};
/* End PBXVariantGroup section */

/* Begin XCBuildConfiguration section */
		070E681622ABF5E200FE22FD /* Debug */ = {
			isa = XCBuildConfiguration;
			buildSettings = {
				ALWAYS_SEARCH_USER_PATHS = NO;
				CLANG_ANALYZER_NONNULL = YES;
				CLANG_ANALYZER_NUMBER_OBJECT_CONVERSION = YES_AGGRESSIVE;
				CLANG_CXX_LANGUAGE_STANDARD = "gnu++14";
				CLANG_CXX_LIBRARY = "libc++";
				CLANG_ENABLE_MODULES = YES;
				CLANG_ENABLE_OBJC_ARC = YES;
				CLANG_ENABLE_OBJC_WEAK = YES;
				CLANG_WARN_BLOCK_CAPTURE_AUTORELEASING = YES;
				CLANG_WARN_BOOL_CONVERSION = YES;
				CLANG_WARN_COMMA = YES;
				CLANG_WARN_CONSTANT_CONVERSION = YES;
				CLANG_WARN_DEPRECATED_OBJC_IMPLEMENTATIONS = YES;
				CLANG_WARN_DIRECT_OBJC_ISA_USAGE = YES_ERROR;
				CLANG_WARN_DOCUMENTATION_COMMENTS = YES;
				CLANG_WARN_EMPTY_BODY = YES;
				CLANG_WARN_ENUM_CONVERSION = YES;
				CLANG_WARN_INFINITE_RECURSION = YES;
				CLANG_WARN_INT_CONVERSION = YES;
				CLANG_WARN_NON_LITERAL_NULL_CONVERSION = YES;
				CLANG_WARN_OBJC_IMPLICIT_RETAIN_SELF = YES;
				CLANG_WARN_OBJC_LITERAL_CONVERSION = YES;
				CLANG_WARN_OBJC_ROOT_CLASS = YES_ERROR;
				CLANG_WARN_RANGE_LOOP_ANALYSIS = YES;
				CLANG_WARN_STRICT_PROTOTYPES = YES;
				CLANG_WARN_SUSPICIOUS_MOVE = YES;
				CLANG_WARN_UNGUARDED_AVAILABILITY = YES_AGGRESSIVE;
				CLANG_WARN_UNREACHABLE_CODE = YES;
				CLANG_WARN__DUPLICATE_METHOD_MATCH = YES;
				CODE_SIGN_IDENTITY = "iPhone Developer";
				COPY_PHASE_STRIP = NO;
				DEBUG_INFORMATION_FORMAT = dwarf;
				ENABLE_STRICT_OBJC_MSGSEND = YES;
				ENABLE_TESTABILITY = YES;
				GCC_C_LANGUAGE_STANDARD = gnu11;
				GCC_DYNAMIC_NO_PIC = NO;
				GCC_NO_COMMON_BLOCKS = YES;
				GCC_OPTIMIZATION_LEVEL = 0;
				GCC_PREPROCESSOR_DEFINITIONS = (
					"DEBUG=1",
					"$(inherited)",
				);
				GCC_WARN_64_TO_32_BIT_CONVERSION = YES;
				GCC_WARN_ABOUT_RETURN_TYPE = YES_ERROR;
				GCC_WARN_UNDECLARED_SELECTOR = YES;
				GCC_WARN_UNINITIALIZED_AUTOS = YES_AGGRESSIVE;
				GCC_WARN_UNUSED_FUNCTION = YES;
				GCC_WARN_UNUSED_VARIABLE = YES;
				IPHONEOS_DEPLOYMENT_TARGET = 12.0;
				MTL_ENABLE_DEBUG_INFO = INCLUDE_SOURCE;
				MTL_FAST_MATH = YES;
				ONLY_ACTIVE_ARCH = YES;
				SDKROOT = iphoneos;
			};
			name = Debug;
		};
		070E681722ABF5E200FE22FD /* Release */ = {
			isa = XCBuildConfiguration;
			buildSettings = {
				ALWAYS_SEARCH_USER_PATHS = NO;
				CLANG_ANALYZER_NONNULL = YES;
				CLANG_ANALYZER_NUMBER_OBJECT_CONVERSION = YES_AGGRESSIVE;
				CLANG_CXX_LANGUAGE_STANDARD = "gnu++14";
				CLANG_CXX_LIBRARY = "libc++";
				CLANG_ENABLE_MODULES = YES;
				CLANG_ENABLE_OBJC_ARC = YES;
				CLANG_ENABLE_OBJC_WEAK = YES;
				CLANG_WARN_BLOCK_CAPTURE_AUTORELEASING = YES;
				CLANG_WARN_BOOL_CONVERSION = YES;
				CLANG_WARN_COMMA = YES;
				CLANG_WARN_CONSTANT_CONVERSION = YES;
				CLANG_WARN_DEPRECATED_OBJC_IMPLEMENTATIONS = YES;
				CLANG_WARN_DIRECT_OBJC_ISA_USAGE = YES_ERROR;
				CLANG_WARN_DOCUMENTATION_COMMENTS = YES;
				CLANG_WARN_EMPTY_BODY = YES;
				CLANG_WARN_ENUM_CONVERSION = YES;
				CLANG_WARN_INFINITE_RECURSION = YES;
				CLANG_WARN_INT_CONVERSION = YES;
				CLANG_WARN_NON_LITERAL_NULL_CONVERSION = YES;
				CLANG_WARN_OBJC_IMPLICIT_RETAIN_SELF = YES;
				CLANG_WARN_OBJC_LITERAL_CONVERSION = YES;
				CLANG_WARN_OBJC_ROOT_CLASS = YES_ERROR;
				CLANG_WARN_RANGE_LOOP_ANALYSIS = YES;
				CLANG_WARN_STRICT_PROTOTYPES = YES;
				CLANG_WARN_SUSPICIOUS_MOVE = YES;
				CLANG_WARN_UNGUARDED_AVAILABILITY = YES_AGGRESSIVE;
				CLANG_WARN_UNREACHABLE_CODE = YES;
				CLANG_WARN__DUPLICATE_METHOD_MATCH = YES;
				CODE_SIGN_IDENTITY = "iPhone Developer";
				COPY_PHASE_STRIP = NO;
				DEBUG_INFORMATION_FORMAT = "dwarf-with-dsym";
				ENABLE_NS_ASSERTIONS = NO;
				ENABLE_STRICT_OBJC_MSGSEND = YES;
				GCC_C_LANGUAGE_STANDARD = gnu11;
				GCC_NO_COMMON_BLOCKS = YES;
				GCC_WARN_64_TO_32_BIT_CONVERSION = YES;
				GCC_WARN_ABOUT_RETURN_TYPE = YES_ERROR;
				GCC_WARN_UNDECLARED_SELECTOR = YES;
				GCC_WARN_UNINITIALIZED_AUTOS = YES_AGGRESSIVE;
				GCC_WARN_UNUSED_FUNCTION = YES;
				GCC_WARN_UNUSED_VARIABLE = YES;
				IPHONEOS_DEPLOYMENT_TARGET = 12.0;
				MTL_ENABLE_DEBUG_INFO = NO;
				MTL_FAST_MATH = YES;
				SDKROOT = iphoneos;
				VALIDATE_PRODUCT = YES;
			};
			name = Release;
		};
		070E681922ABF5E200FE22FD /* Debug */ = {
			isa = XCBuildConfiguration;
			buildSettings = {
				ASSETCATALOG_COMPILER_APPICON_NAME = AppIcon;
				CODE_SIGN_STYLE = Automatic;
				INFOPLIST_FILE = "stv-pre-join/Info.plist";
				LD_RUNPATH_SEARCH_PATHS = (
					"$(inherited)",
					"@executable_path/Frameworks",
				);
				PRODUCT_BUNDLE_IDENTIFIER = "org.junkhub.kazto.stv-pre-join";
				PRODUCT_NAME = "$(TARGET_NAME)";
				TARGETED_DEVICE_FAMILY = "1,2";
			};
			name = Debug;
		};
		070E681A22ABF5E200FE22FD /* Release */ = {
			isa = XCBuildConfiguration;
			buildSettings = {
				ASSETCATALOG_COMPILER_APPICON_NAME = AppIcon;
				CODE_SIGN_STYLE = Automatic;
				INFOPLIST_FILE = "stv-pre-join/Info.plist";
				LD_RUNPATH_SEARCH_PATHS = (
					"$(inherited)",
					"@executable_path/Frameworks",
				);
				PRODUCT_BUNDLE_IDENTIFIER = "org.junkhub.kazto.stv-pre-join";
				PRODUCT_NAME = "$(TARGET_NAME)";
				TARGETED_DEVICE_FAMILY = "1,2";
			};
			name = Release;
		};
		070E681C22ABF5E200FE22FD /* Debug */ = {
			isa = XCBuildConfiguration;
			buildSettings = {
				BUNDLE_LOADER = "$(TEST_HOST)";
				CODE_SIGN_STYLE = Automatic;
				INFOPLIST_FILE = "stv-pre-joinTests/Info.plist";
				LD_RUNPATH_SEARCH_PATHS = (
					"$(inherited)",
					"@executable_path/Frameworks",
					"@loader_path/Frameworks",
				);
				PRODUCT_BUNDLE_IDENTIFIER = "org.junkhub.kazto.stv-pre-joinTests";
				PRODUCT_NAME = "$(TARGET_NAME)";
				TARGETED_DEVICE_FAMILY = "1,2";
				TEST_HOST = "$(BUILT_PRODUCTS_DIR)/stv-pre-join.app/stv-pre-join";
			};
			name = Debug;
		};
		070E681D22ABF5E200FE22FD /* Release */ = {
			isa = XCBuildConfiguration;
			buildSettings = {
				BUNDLE_LOADER = "$(TEST_HOST)";
				CODE_SIGN_STYLE = Automatic;
				INFOPLIST_FILE = "stv-pre-joinTests/Info.plist";
				LD_RUNPATH_SEARCH_PATHS = (
					"$(inherited)",
					"@executable_path/Frameworks",
					"@loader_path/Frameworks",
				);
				PRODUCT_BUNDLE_IDENTIFIER = "org.junkhub.kazto.stv-pre-joinTests";
				PRODUCT_NAME = "$(TARGET_NAME)";
				TARGETED_DEVICE_FAMILY = "1,2";
				TEST_HOST = "$(BUILT_PRODUCTS_DIR)/stv-pre-join.app/stv-pre-join";
			};
			name = Release;
		};
		070E681F22ABF5E200FE22FD /* Debug */ = {
			isa = XCBuildConfiguration;
			buildSettings = {
				CODE_SIGN_STYLE = Automatic;
				INFOPLIST_FILE = "stv-pre-joinUITests/Info.plist";
				LD_RUNPATH_SEARCH_PATHS = (
					"$(inherited)",
					"@executable_path/Frameworks",
					"@loader_path/Frameworks",
				);
				PRODUCT_BUNDLE_IDENTIFIER = "org.junkhub.kazto.stv-pre-joinUITests";
				PRODUCT_NAME = "$(TARGET_NAME)";
				TARGETED_DEVICE_FAMILY = "1,2";
				TEST_TARGET_NAME = "stv-pre-join";
			};
			name = Debug;
		};
		070E682022ABF5E200FE22FD /* Release */ = {
			isa = XCBuildConfiguration;
			buildSettings = {
				CODE_SIGN_STYLE = Automatic;
				INFOPLIST_FILE = "stv-pre-joinUITests/Info.plist";
				LD_RUNPATH_SEARCH_PATHS = (
					"$(inherited)",
					"@executable_path/Frameworks",
					"@loader_path/Frameworks",
				);
				PRODUCT_BUNDLE_IDENTIFIER = "org.junkhub.kazto.stv-pre-joinUITests";
				PRODUCT_NAME = "$(TARGET_NAME)";
				TARGETED_DEVICE_FAMILY = "1,2";
				TEST_TARGET_NAME = "stv-pre-join";
			};
			name = Release;
		};
/* End XCBuildConfiguration section */

/* Begin XCConfigurationList section */
		070E67E722ABF5DC00FE22FD /* Build configuration list for PBXProject "stv-pre-join" */ = {
			isa = XCConfigurationList;
			buildConfigurations = (
				070E681622ABF5E200FE22FD /* Debug */,
				070E681722ABF5E200FE22FD /* Release */,
			);
			defaultConfigurationIsVisible = 0;
			defaultConfigurationName = Release;
		};
		070E681822ABF5E200FE22FD /* Build configuration list for PBXNativeTarget "stv-pre-join" */ = {
			isa = XCConfigurationList;
			buildConfigurations = (
				070E681922ABF5E200FE22FD /* Debug */,
				070E681A22ABF5E200FE22FD /* Release */,
			);
			defaultConfigurationIsVisible = 0;
			defaultConfigurationName = Release;
		};
		070E681B22ABF5E200FE22FD /* Build configuration list for PBXNativeTarget "stv-pre-joinTests" */ = {
			isa = XCConfigurationList;
			buildConfigurations = (
				070E681C22ABF5E200FE22FD /* Debug */,
				070E681D22ABF5E200FE22FD /* Release */,
			);
			defaultConfigurationIsVisible = 0;
			defaultConfigurationName = Release;
		};
		070E681E22ABF5E200FE22FD /* Build configuration list for PBXNativeTarget "stv-pre-joinUITests" */ = {
			isa = XCConfigurationList;
			buildConfigurations = (
				070E681F22ABF5E200FE22FD /* Debug */,
				070E682022ABF5E200FE22FD /* Release */,
			);
			defaultConfigurationIsVisible = 0;
			defaultConfigurationName = Release;
		};
/* End XCConfigurationList section */
	};
	rootObject = 070E67E422ABF5DC00FE22FD /* Project object */;
}
